
Microsoft Visual Studio Solution File, Format Version 12.00
# Visual Studio Version 16
VisualStudioVersion = 16.0.28803.916
MinimumVisualStudioVersion = 10.0.40219.1
Project("{FAE04EC0-301F-11D3-BF4B-00C04F79EFBC}") = "Lab Monitoring System", "Client\Lab Monitoring System.csproj", "{493BFA53-B451-4888-B536-66CD6F5B4261}"
EndProject
Global
	GlobalSection(SolutionConfigurationPlatforms) = preSolution
		Debug|Any CPU = Debug|Any CPU
		Release|Any CPU = Release|Any CPU
	EndGlobalSection
	GlobalSection(ProjectConfigurationPlatforms) = postSolution
		{493BFA53-B451-4888-B536-66CD6F5B4261}.Debug|Any CPU.ActiveCfg = Debug|Any CPU
		{493BFA53-B451-4888-B536-66CD6F5B4261}.Debug|Any CPU.Build.0 = Debug|Any CPU
		{493BFA53-B451-4888-B536-66CD6F5B4261}.Release|Any CPU.ActiveCfg = Release|Any CPU
		{493BFA53-B451-4888-B536-66CD6F5B4261}.Release|Any CPU.Build.0 = Release|Any CPU
	EndGlobalSection
	GlobalSection(SolutionProperties) = preSolution
		HideSolutionNode = FALSE
	EndGlobalSection
	GlobalSection(ExtensibilityGlobals) = postSolution
		SolutionGuid = {DCBEF476-6B62-4F59-A118-514D0FFACA46}
	EndGlobalSection
EndGlobal
