
Microsoft Visual Studio Solution File, Format Version 12.00
# Visual Studio Version 16
VisualStudioVersion = 16.0.32929.386
MinimumVisualStudioVersion = 10.0.40219.1
Project("{FAE04EC0-301F-11D3-BF4B-00C04F79EFBC}") = "Record", "Record\Record.csproj", "{AC7D9DD2-D026-414E-8009-0BD1F11AB8E5}"
EndProject
Project("{FAE04EC0-301F-11D3-BF4B-00C04F79EFBC}") = "Record_Client", "Record_Client\Record_Client.csproj", "{27CE236E-C022-4C22-90BC-38F65C0A5B2B}"
EndProject
Global
	GlobalSection(SolutionConfigurationPlatforms) = preSolution
		Debug|Any CPU = Debug|Any CPU
		Release|Any CPU = Release|Any CPU
	EndGlobalSection
	GlobalSection(ProjectConfigurationPlatforms) = postSolution
		{AC7D9DD2-D026-414E-8009-0BD1F11AB8E5}.Debug|Any CPU.ActiveCfg = Debug|Any CPU
		{AC7D9DD2-D026-414E-8009-0BD1F11AB8E5}.Debug|Any CPU.Build.0 = Debug|Any CPU
		{AC7D9DD2-D026-414E-8009-0BD1F11AB8E5}.Release|Any CPU.ActiveCfg = Release|Any CPU
		{AC7D9DD2-D026-414E-8009-0BD1F11AB8E5}.Release|Any CPU.Build.0 = Release|Any CPU
		{27CE236E-C022-4C22-90BC-38F65C0A5B2B}.Debug|Any CPU.ActiveCfg = Debug|Any CPU
		{27CE236E-C022-4C22-90BC-38F65C0A5B2B}.Debug|Any CPU.Build.0 = Debug|Any CPU
		{27CE236E-C022-4C22-90BC-38F65C0A5B2B}.Release|Any CPU.ActiveCfg = Release|Any CPU
		{27CE236E-C022-4C22-90BC-38F65C0A5B2B}.Release|Any CPU.Build.0 = Release|Any CPU
	EndGlobalSection
	GlobalSection(SolutionProperties) = preSolution
		HideSolutionNode = FALSE
	EndGlobalSection
	GlobalSection(ExtensibilityGlobals) = postSolution
		SolutionGuid = {AC158780-AB01-49B1-B32E-7079092E2957}
	EndGlobalSection
EndGlobal
